
Microsoft Visual Studio Solution File, Format Version 12.00
# Visual Studio Version 17
VisualStudioVersion = 17.3.32901.215
MinimumVisualStudioVersion = 10.0.40219.1
Project("{FAE04EC0-301F-11D3-BF4B-00C04F79EFBC}") = "QuickSort", "QuickSort\QuickSort.csproj", "{ED69CA1F-6568-495F-94A5-EEBD0A04BB34}"
EndProject
Global
	GlobalSection(SolutionConfigurationPlatforms) = preSolution
		Debug|Any CPU = Debug|Any CPU
		Release|Any CPU = Release|Any CPU
	EndGlobalSection
	GlobalSection(ProjectConfigurationPlatforms) = postSolution
		{ED69CA1F-6568-495F-94A5-EEBD0A04BB34}.Debug|Any CPU.ActiveCfg = Debug|Any CPU
		{ED69CA1F-6568-495F-94A5-EEBD0A04BB34}.Debug|Any CPU.Build.0 = Debug|Any CPU
		{ED69CA1F-6568-495F-94A5-EEBD0A04BB34}.Release|Any CPU.ActiveCfg = Release|Any CPU
		{ED69CA1F-6568-495F-94A5-EEBD0A04BB34}.Release|Any CPU.Build.0 = Release|Any CPU
	EndGlobalSection
	GlobalSection(SolutionProperties) = preSolution
		HideSolutionNode = FALSE
	EndGlobalSection
	GlobalSection(ExtensibilityGlobals) = postSolution
		SolutionGuid = {C7CE6B0C-D727-4501-A92B-9CCAE6CC0C60}
	EndGlobalSection
EndGlobal
